
Microsoft Visual Studio Solution File, Format Version 12.00
# Visual Studio 15
VisualStudioVersion = 15.0.28307.705
MinimumVisualStudioVersion = 10.0.40219.1
Project("{8BC9CEB8-8B4A-11D0-8D11-00A0C91BC942}") = "Simulation", "Simulation.vcxproj", "{B12702AD-ABFB-343A-A199-8E24837244A3}"
	ProjectSection(ProjectDependencies) = postProject
		{A1B5E627-9AD3-4B62-90B9-74CAE19318D6} = {A1B5E627-9AD3-4B62-90B9-74CAE19318D6}
		{16F5853D-2D95-4549-ACAC-D76D6FBCFF04} = {16F5853D-2D95-4549-ACAC-D76D6FBCFF04}
		{0A0B0C56-2D18-442C-87CA-BF7A28A3E09D} = {0A0B0C56-2D18-442C-87CA-BF7A28A3E09D}
		{F3DE337E-1245-4AF5-8EE8-5623ABBA616F} = {F3DE337E-1245-4AF5-8EE8-5623ABBA616F}
		{D6E2EE9D-9690-4670-B59D-2E4168F0F516} = {D6E2EE9D-9690-4670-B59D-2E4168F0F516}
		{049DA19F-689D-4734-8C82-F52CB5876AFA} = {049DA19F-689D-4734-8C82-F52CB5876AFA}
	EndProjectSection
EndProject
Project("{8BC9CEB8-8B4A-11D0-8D11-00A0C91BC942}") = "fogdll1", "fogdll1\fogdll1.vcxproj", "{0A0B0C56-2D18-442C-87CA-BF7A28A3E09D}"
EndProject
Project("{8BC9CEB8-8B4A-11D0-8D11-00A0C91BC942}") = "AddRain", "AddRain\AddRain.vcxproj", "{049DA19F-689D-4734-8C82-F52CB5876AFA}"
EndProject
Project("{8BC9CEB8-8B4A-11D0-8D11-00A0C91BC942}") = "AddSnow", "AddSnow\AddSnow.vcxproj", "{F3DE337E-1245-4AF5-8EE8-5623ABBA616F}"
EndProject
Project("{8BC9CEB8-8B4A-11D0-8D11-00A0C91BC942}") = "pbLoader", "pbLoader\pbLoader.vcxproj", "{D6E2EE9D-9690-4670-B59D-2E4168F0F516}"
EndProject
Project("{8BC9CEB8-8B4A-11D0-8D11-00A0C91BC942}") = "FODDetector", "FODDetector\FODDetecter.vcxproj", "{A1B5E627-9AD3-4B62-90B9-74CAE19318D6}"
EndProject
Project("{8BC9CEB8-8B4A-11D0-8D11-00A0C91BC942}") = "dehazer", "dehazer\dehazer.vcxproj", "{16F5853D-2D95-4549-ACAC-D76D6FBCFF04}"
EndProject
Global
	GlobalSection(SolutionConfigurationPlatforms) = preSolution
		Debug|x64 = Debug|x64
		Debug|x86 = Debug|x86
		Release|x64 = Release|x64
		Release|x86 = Release|x86
	EndGlobalSection
	GlobalSection(ProjectConfigurationPlatforms) = postSolution
		{B12702AD-ABFB-343A-A199-8E24837244A3}.Debug|x64.ActiveCfg = Debug|x64
		{B12702AD-ABFB-343A-A199-8E24837244A3}.Debug|x64.Build.0 = Debug|x64
		{B12702AD-ABFB-343A-A199-8E24837244A3}.Debug|x86.ActiveCfg = Debug|x64
		{B12702AD-ABFB-343A-A199-8E24837244A3}.Release|x64.ActiveCfg = Release|x64
		{B12702AD-ABFB-343A-A199-8E24837244A3}.Release|x64.Build.0 = Release|x64
		{B12702AD-ABFB-343A-A199-8E24837244A3}.Release|x86.ActiveCfg = Release|x64
		{0A0B0C56-2D18-442C-87CA-BF7A28A3E09D}.Debug|x64.ActiveCfg = Debug|x64
		{0A0B0C56-2D18-442C-87CA-BF7A28A3E09D}.Debug|x64.Build.0 = Debug|x64
		{0A0B0C56-2D18-442C-87CA-BF7A28A3E09D}.Debug|x86.ActiveCfg = Debug|Win32
		{0A0B0C56-2D18-442C-87CA-BF7A28A3E09D}.Debug|x86.Build.0 = Debug|Win32
		{0A0B0C56-2D18-442C-87CA-BF7A28A3E09D}.Release|x64.ActiveCfg = Release|x64
		{0A0B0C56-2D18-442C-87CA-BF7A28A3E09D}.Release|x64.Build.0 = Release|x64
		{0A0B0C56-2D18-442C-87CA-BF7A28A3E09D}.Release|x86.ActiveCfg = Release|Win32
		{0A0B0C56-2D18-442C-87CA-BF7A28A3E09D}.Release|x86.Build.0 = Release|Win32
		{049DA19F-689D-4734-8C82-F52CB5876AFA}.Debug|x64.ActiveCfg = Debug|x64
		{049DA19F-689D-4734-8C82-F52CB5876AFA}.Debug|x64.Build.0 = Debug|x64
		{049DA19F-689D-4734-8C82-F52CB5876AFA}.Debug|x86.ActiveCfg = Debug|Win32
		{049DA19F-689D-4734-8C82-F52CB5876AFA}.Debug|x86.Build.0 = Debug|Win32
		{049DA19F-689D-4734-8C82-F52CB5876AFA}.Release|x64.ActiveCfg = Release|x64
		{049DA19F-689D-4734-8C82-F52CB5876AFA}.Release|x64.Build.0 = Release|x64
		{049DA19F-689D-4734-8C82-F52CB5876AFA}.Release|x86.ActiveCfg = Release|Win32
		{049DA19F-689D-4734-8C82-F52CB5876AFA}.Release|x86.Build.0 = Release|Win32
		{F3DE337E-1245-4AF5-8EE8-5623ABBA616F}.Debug|x64.ActiveCfg = Debug|x64
		{F3DE337E-1245-4AF5-8EE8-5623ABBA616F}.Debug|x64.Build.0 = Debug|x64
		{F3DE337E-1245-4AF5-8EE8-5623ABBA616F}.Debug|x86.ActiveCfg = Debug|Win32
		{F3DE337E-1245-4AF5-8EE8-5623ABBA616F}.Debug|x86.Build.0 = Debug|Win32
		{F3DE337E-1245-4AF5-8EE8-5623ABBA616F}.Release|x64.ActiveCfg = Release|x64
		{F3DE337E-1245-4AF5-8EE8-5623ABBA616F}.Release|x64.Build.0 = Release|x64
		{F3DE337E-1245-4AF5-8EE8-5623ABBA616F}.Release|x86.ActiveCfg = Release|Win32
		{F3DE337E-1245-4AF5-8EE8-5623ABBA616F}.Release|x86.Build.0 = Release|Win32
		{D6E2EE9D-9690-4670-B59D-2E4168F0F516}.Debug|x64.ActiveCfg = Debug|x64
		{D6E2EE9D-9690-4670-B59D-2E4168F0F516}.Debug|x64.Build.0 = Debug|x64
		{D6E2EE9D-9690-4670-B59D-2E4168F0F516}.Debug|x86.ActiveCfg = Debug|Win32
		{D6E2EE9D-9690-4670-B59D-2E4168F0F516}.Debug|x86.Build.0 = Debug|Win32
		{D6E2EE9D-9690-4670-B59D-2E4168F0F516}.Release|x64.ActiveCfg = Release|x64
		{D6E2EE9D-9690-4670-B59D-2E4168F0F516}.Release|x64.Build.0 = Release|x64
		{D6E2EE9D-9690-4670-B59D-2E4168F0F516}.Release|x86.ActiveCfg = Release|Win32
		{D6E2EE9D-9690-4670-B59D-2E4168F0F516}.Release|x86.Build.0 = Release|Win32
		{A1B5E627-9AD3-4B62-90B9-74CAE19318D6}.Debug|x64.ActiveCfg = Debug|x64
		{A1B5E627-9AD3-4B62-90B9-74CAE19318D6}.Debug|x64.Build.0 = Debug|x64
		{A1B5E627-9AD3-4B62-90B9-74CAE19318D6}.Debug|x86.ActiveCfg = Debug|Win32
		{A1B5E627-9AD3-4B62-90B9-74CAE19318D6}.Debug|x86.Build.0 = Debug|Win32
		{A1B5E627-9AD3-4B62-90B9-74CAE19318D6}.Release|x64.ActiveCfg = Release|x64
		{A1B5E627-9AD3-4B62-90B9-74CAE19318D6}.Release|x64.Build.0 = Release|x64
		{A1B5E627-9AD3-4B62-90B9-74CAE19318D6}.Release|x86.ActiveCfg = Release|Win32
		{A1B5E627-9AD3-4B62-90B9-74CAE19318D6}.Release|x86.Build.0 = Release|Win32
		{16F5853D-2D95-4549-ACAC-D76D6FBCFF04}.Debug|x64.ActiveCfg = Debug|x64
		{16F5853D-2D95-4549-ACAC-D76D6FBCFF04}.Debug|x64.Build.0 = Debug|x64
		{16F5853D-2D95-4549-ACAC-D76D6FBCFF04}.Debug|x86.ActiveCfg = Debug|Win32
		{16F5853D-2D95-4549-ACAC-D76D6FBCFF04}.Debug|x86.Build.0 = Debug|Win32
		{16F5853D-2D95-4549-ACAC-D76D6FBCFF04}.Release|x64.ActiveCfg = Release|x64
		{16F5853D-2D95-4549-ACAC-D76D6FBCFF04}.Release|x64.Build.0 = Release|x64
		{16F5853D-2D95-4549-ACAC-D76D6FBCFF04}.Release|x86.ActiveCfg = Release|Win32
		{16F5853D-2D95-4549-ACAC-D76D6FBCFF04}.Release|x86.Build.0 = Release|Win32
	EndGlobalSection
	GlobalSection(SolutionProperties) = preSolution
		HideSolutionNode = FALSE
	EndGlobalSection
	GlobalSection(ExtensibilityGlobals) = postSolution
		SolutionGuid = {5BFF8173-0DD6-424C-95FE-5AC0EDB5D037}
	EndGlobalSection
EndGlobal
